github.com/allegro/bigcache v1.2.1 h1:hg1sY1raCwic3Vnsvje6TT7/pnZba83LeFck5NrFKSc=
github.com/allegro/bigcache v1.2.1/go.mod h1:Cb/ax3seSYIx7SuZdm2G2xzfwmv3TPSk2ucNfQESPXM=
github.com/anaskhan96/soup v1.2.4 h1:or+sKs9QbzJGZVTYFmTs2VBateEywoq00a6K14z331E=
github.com/anaskhan96/soup v1.2.4/go.mod h1:6YnEp9A2yywlYdM4EgDz9NEHclocMepEtku7wg6Cq3s=
github.com/andybalholm/brotli v1.0.0 h1:7UCwP93aiSfvWpapti8g88vVVGp2qqtGyePsSuDafo4=
github.com/andybalholm/brotli v1.0.0/go.mod h1:loMXtMfwqflxFJPmdbJO0a3KNoPuLBgiu3qAvBg8x/Y=
github.com/andybalholm/brotli v1.0.1 h1:KqhlKozYbRtJvsPrrEeXcO+N2l6NYT5A2QAFmSULpEc=
github.com/andybalholm/brotli v1.0.1/go.mod h1:loMXtMfwqflxFJPmdbJO0a3KNoPuLBgiu3qAvBg8x/Y=
github.com/chuongtrh/godepviz v0.1.4 h1:Jc3mlI3dhmcUWDfc4rNkcgA8TCUcQtpyfiIZsHEXHoE=
github.com/chuongtrh/godepviz v0.1.4/go.mod h1:E99PxhJxJsTwjc2GA3LjkdZZMdwKo6y8cGNNRRvU8s8=
github.com/davecgh/go-spew v1.1.0 h1:ZDRjVQ15GmhC3fiQ8ni8+OwkZQO4DARzQgrnXU1Liz8=
github.com/davecgh/go-spew v1.1.0/go.mod h1:J7Y8YcW2NihsgmVo/mv3lAwl/skON4iLHjSsI+c5H38=
github.com/gofiber/fiber/v2 v2.0.5 h1:CGf7XRGfmeyEiRrA4AbOCd3FGBiPYWWGr49WH3F3sy8=
github.com/gofiber/fiber/v2 v2.0.5/go.mod h1:VyfrlfcUCW0TcO5uaLHVlxZ8N25BgwnP6YjkzJmJP24=
github.com/klauspost/compress v1.10.7 h1:7rix8v8GpI3ZBb0nSozFRgbtXKv+hOe+qfEpZqybrAg=
github.com/klauspost/compress v1.10.7/go.mod h1:aoV0uJVorq1K+umq18yTdKaF57EivdYsUV+/s2qKfXs=
github.com/klauspost/compress v1.11.1 h1:bPb7nMRdOZYDrpPMTA3EInUQrdgoBinqUuSwlGdKDdE=
github.com/klauspost/compress v1.11.1/go.mod h1:aoV0uJVorq1K+umq18yTdKaF57EivdYsUV+/s2qKfXs=
github.com/pmezard/go-difflib v1.0.0 h1:4DBwDE0NGyQoBHbLQYPwSUPoCMWR5BEzIk/f1lZbAQM=
github.com/pmezard/go-difflib v1.0.0/go.mod h1:iKH77koFhYxTK1pcRnkKkqfTogsbg7gZNVY4sRDYZ/4=
github.com/stretchr/objx v0.1.0/go.mod h1:HFkY916IF+rwdDfMAkV7OtwuqBVzrE8GR6GFx+wExME=
github.com/stretchr/testify v1.6.1 h1:hDPOHmpOpP40lSULcqw7IrRb/u7w6RpDC9399XyoNd0=
github.com/stretchr/testify v1.6.1/go.mod h1:6Fq8oRcR53rry900zMqJjRRixrwX3KX962/h/Wwjteg=
github.com/valyala/bytebufferpool v1.0.0 h1:GqA5TC/0021Y/b9FG4Oi9Mr3q7XYx6KllzawFIhcdPw=
github.com/valyala/bytebufferpool v1.0.0/go.mod h1:6bBcMArwyJ5K/AmCkWv1jt77kVWyCJ6HpOuEn7z0Csc=
github.com/valyala/fasthttp v1.16.0 h1:9zAqOYLl8Tuy3E5R6ckzGDJ1g8+pw15oQp2iL9Jl6gQ=
github.com/valyala/fasthttp v1.16.0/go.mod h1:YOKImeEosDdBPnxc0gy7INqi3m1zK6A+xl6TwOBhHCA=
github.com/valyala/tcplisten v0.0.0-20161114210144-ceec8f93295a h1:0R4NLDRDZX6JcmhJgXi5E4b8Wg84ihbmUKp/GvSPEzc=
github.com/valyala/tcplisten v0.0.0-20161114210144-ceec8f93295a/go.mod h1:v3UYOV9WzVtRmSR+PDvWpU/qWl4Wa5LApYYX4ZtKbio=
golang.org/x/crypto v0.0.0-20190308221718-c2843e01d9a2/go.mod h1:djNgcEr1/C05ACkg1iLfiJU5Ep61QUkGW8qpdssI0+w=
golang.org/x/crypto v0.0.0-20200622213623-75b288015ac9/go.mod h1:LzIPMQfyMNhhGPhUkYOs5KpL4U8rLKemX1yGLhDgUto=
golang.org/x/net v0.0.0-20190404232315-eb5bcb51f2a3/go.mod h1:t9HGtf8HONx5eT2rtn7q6eTqICYqUVnKs3thJo3Qplg=
golang.org/x/net v0.0.0-20200114155413-6afb5195e5aa/go.mod h1:z5CRVTTTmAJ677TzLLGU+0bjPO0LkuOLi4/5GtJWs/s=
golang.org/x/net v0.0.0-20200602114024-627f9648deb9 h1:pNX+40auqi2JqRfOP1akLGtYcn15TUbkhwuCO3foqqM=
golang.org/x/net v0.0.0-20200602114024-627f9648deb9/go.mod h1:qpuaurCH72eLCgpAm/N6yyVIVM9cpaDIP3A8BGJEC5A=
golang.org/x/net v0.0.0-20201002202402-0a1ea396d57c h1:dk0ukUIHmGHqASjP0iue2261isepFCC6XRCSd1nHgDw=
golang.org/x/net v0.0.0-20201002202402-0a1ea396d57c/go.mod h1:iQL9McJNjoIa5mjH6nYTCTZXUN6RP+XW3eib7Ya3XcI=
golang.org/x/sys v0.0.0-20190215142949-d0b11bdaac8a/go.mod h1:STP8DvDyc/dI5b8T5hshtkjS+E42TnysNCUPdjciGhY=
golang.org/x/sys v0.0.0-20190412213103-97732733099d/go.mod h1:h1NjWce9XRLGQEsW7wpKNCjG9DtNlClVuFLEZdDNbEs=
golang.org/x/sys v0.0.0-20200323222414-85ca7c5b95cd/go.mod h1:h1NjWce9XRLGQEsW7wpKNCjG9DtNlClVuFLEZdDNbEs=
golang.org/x/sys v0.0.0-20200602225109-6fdc65e7d980/go.mod h1:h1NjWce9XRLGQEsW7wpKNCjG9DtNlClVuFLEZdDNbEs=
golang.org/x/sys v0.0.0-20200929083018-4d22bbb62b3c h1:/h0vtH0PyU0xAoZJVcRw1k0Ng+U0JAy3QDiFmppIlIE=
golang.org/x/sys v0.0.0-20200929083018-4d22bbb62b3c/go.mod h1:h1NjWce9XRLGQEsW7wpKNCjG9DtNlClVuFLEZdDNbEs=
golang.org/x/sys v0.0.0-20200930185726-fdedc70b468f/go.mod h1:h1NjWce9XRLGQEsW7wpKNCjG9DtNlClVuFLEZdDNbEs=
golang.org/x/sys v0.0.0-20201005065044-765f4ea38db3 h1:9Dt0vhJUQR70NuYBi/EFF+uAOebN40T4F1PZ7PKYrdw=
golang.org/x/sys v0.0.0-20201005065044-765f4ea38db3/go.mod h1:h1NjWce9XRLGQEsW7wpKNCjG9DtNlClVuFLEZdDNbEs=
golang.org/x/text v0.3.0 h1:g61tztE5qeGQ89tm6NTjjM9VPIm088od1l6aSorWRWg=
golang.org/x/text v0.3.0/go.mod h1:NqM8EUOU14njkJ3fqMW+pc6Ldnwhi/IjpwHt7yyuwOQ=
golang.org/x/text v0.3.3 h1:cokOdA+Jmi5PJGXLlLllQSgYigAEfHXJAERHVMaCc2k=
golang.org/x/text v0.3.3/go.mod h1:5Zoc/QRtKVWzQhOtBMvqHzDpF6irO9z98xDceosuGiQ=
golang.org/x/tools v0.0.0-20180917221912-90fa682c2a6e/go.mod h1:n7NCudcB/nEzxVGmLbDWY5pfWTLqBcC2KZ6jyYvM4mQ=
gopkg.in/check.v1 v0.0.0-20161208181325-20d25e280405 h1:yhCVgyC4o1eVCa2tZl7eS0r+SDo693bJlVdllGtEeKM=
gopkg.in/check.v1 v0.0.0-20161208181325-20d25e280405/go.mod h1:Co6ibVJAznAaIkqp8huTwlJQCZ016jof/cbN4VW5Yz0=
gopkg.in/yaml.v3 v3.0.0-20200313102051-9f266ea9e77c h1:dUUwHk2QECo/6vqA44rthZ8ie2QXMNeKRTHCNY2nXvo=
gopkg.in/yaml.v3 v3.0.0-20200313102051-9f266ea9e77c/go.mod h1:K4uyk7z7BCEPqu6E+C64Yfv1cQ7kz7rIZviUmN+EgEM=
